
Microsoft Visual Studio Solution File, Format Version 12.00
# Visual Studio Version 17
VisualStudioVersion = 17.11.35327.3
MinimumVisualStudioVersion = 10.0.40219.1
Project("{FAE04EC0-301F-11D3-BF4B-00C04F79EFBC}") = "DesktopContactsApp", "DesktopContactsApp\DesktopContactsApp.csproj", "{F5E1A0CC-415A-4055-9E21-08896E37736E}"
EndProject
Global
	GlobalSection(SolutionConfigurationPlatforms) = preSolution
		Debug|Any CPU = Debug|Any CPU
		Release|Any CPU = Release|Any CPU
	EndGlobalSection
	GlobalSection(ProjectConfigurationPlatforms) = postSolution
		{F5E1A0CC-415A-4055-9E21-08896E37736E}.Debug|Any CPU.ActiveCfg = Debug|Any CPU
		{F5E1A0CC-415A-4055-9E21-08896E37736E}.Debug|Any CPU.Build.0 = Debug|Any CPU
		{F5E1A0CC-415A-4055-9E21-08896E37736E}.Release|Any CPU.ActiveCfg = Release|Any CPU
		{F5E1A0CC-415A-4055-9E21-08896E37736E}.Release|Any CPU.Build.0 = Release|Any CPU
	EndGlobalSection
	GlobalSection(SolutionProperties) = preSolution
		HideSolutionNode = FALSE
	EndGlobalSection
	GlobalSection(ExtensibilityGlobals) = postSolution
		SolutionGuid = {85E623A3-F900-4A7F-B264-6C5156D5A661}
	EndGlobalSection
EndGlobal
